// !$*UTF8*$!
{
	archiveVersion = 1;
	classes = {
	};
	objectVersion = 46;
	objects = {

/* Begin PBXBuildFile section */
		9596E0461DDB674C0070B7E5 /* main.m in Sources */ = {isa = PBXBuildFile; fileRef = 9596E0451DDB674C0070B7E5 /* main.m */; };
		9596E0491DDB674C0070B7E5 /* AppDelegate.m in Sources */ = {isa = PBXBuildFile; fileRef = 9596E0481DDB674C0070B7E5 /* AppDelegate.m */; };
		9596E04C1DDB674C0070B7E5 /* MasterViewController.m in Sources */ = {isa = PBXBuildFile; fileRef = 9596E04B1DDB674C0070B7E5 /* MasterViewController.m */; };
		9596E04F1DDB674C0070B7E5 /* DetailViewController.m in Sources */ = {isa = PBXBuildFile; fileRef = 9596E04E1DDB674C0070B7E5 /* DetailViewController.m */; };
		9596E0521DDB674C0070B7E5 /* Main.storyboard in Resources */ = {isa = PBXBuildFile; fileRef = 9596E0501DDB674C0070B7E5 /* Main.storyboard */; };
		9596E0541DDB674C0070B7E5 /* Assets.xcassets in Resources */ = {isa = PBXBuildFile; fileRef = 9596E0531DDB674C0070B7E5 /* Assets.xcassets */; };
		9596E0571DDB674C0070B7E5 /* LaunchScreen.storyboard in Resources */ = {isa = PBXBuildFile; fileRef = 9596E0551DDB674C0070B7E5 /* LaunchScreen.storyboard */; };
		9596E0631DDB87820070B7E5 /* ToDoTableViewCell.m in Sources */ = {isa = PBXBuildFile; fileRef = 9596E0621DDB87820070B7E5 /* ToDoTableViewCell.m */; };
/* End PBXBuildFile section */

/* Begin PBXFileReference section */
		9596E0411DDB674C0070B7E5 /* EveryDo.app */ = {isa = PBXFileReference; explicitFileType = wrapper.application; includeInIndex = 0; path = EveryDo.app; sourceTree = BUILT_PRODUCTS_DIR; };
		9596E0451DDB674C0070B7E5 /* main.m */ = {isa = PBXFileReference; lastKnownFileType = sourcecode.c.objc; path = main.m; sourceTree = "<group>"; };
		9596E0471DDB674C0070B7E5 /* AppDelegate.h */ = {isa = PBXFileReference; lastKnownFileType = sourcecode.c.h; path = AppDelegate.h; sourceTree = "<group>"; };
		9596E0481DDB674C0070B7E5 /* AppDelegate.m */ = {isa = PBXFileReference; lastKnownFileType = sourcecode.c.objc; path = AppDelegate.m; sourceTree = "<group>"; };
		9596E04A1DDB674C0070B7E5 /* MasterViewController.h */ = {isa = PBXFileReference; lastKnownFileType = sourcecode.c.h; path = MasterViewController.h; sourceTree = "<group>"; };
		9596E04B1DDB674C0070B7E5 /* MasterViewController.m */ = {isa = PBXFileReference; lastKnownFileType = sourcecode.c.objc; path = MasterViewController.m; sourceTree = "<group>"; };
		9596E04D1DDB674C0070B7E5 /* DetailViewController.h */ = {isa = PBXFileReference; lastKnownFileType = sourcecode.c.h; path = DetailViewController.h; sourceTree = "<group>"; };
		9596E04E1DDB674C0070B7E5 /* DetailViewController.m */ = {isa = PBXFileReference; lastKnownFileType = sourcecode.c.objc; path = DetailViewController.m; sourceTree = "<group>"; };
		9596E0511DDB674C0070B7E5 /* Base */ = {isa = PBXFileReference; lastKnownFileType = file.storyboard; name = Base; path = Base.lproj/Main.storyboard; sourceTree = "<group>"; };
		9596E0531DDB674C0070B7E5 /* Assets.xcassets */ = {isa = PBXFileReference; lastKnownFileType = folder.assetcatalog; path = Assets.xcassets; sourceTree = "<group>"; };
		9596E0561DDB674C0070B7E5 /* Base */ = {isa = PBXFileReference; lastKnownFileType = file.storyboard; name = Base; path = Base.lproj/LaunchScreen.storyboard; sourceTree = "<group>"; };
		9596E0581DDB674C0070B7E5 /* Info.plist */ = {isa = PBXFileReference; lastKnownFileType = text.plist.xml; path = Info.plist; sourceTree = "<group>"; };
		9596E0611DDB87820070B7E5 /* ToDoTableViewCell.h */ = {isa = PBXFileReference; fileEncoding = 4; lastKnownFileType = sourcecode.c.h; path = ToDoTableViewCell.h; sourceTree = "<group>"; };
		9596E0621DDB87820070B7E5 /* ToDoTableViewCell.m */ = {isa = PBXFileReference; fileEncoding = 4; lastKnownFileType = sourcecode.c.objc; path = ToDoTableViewCell.m; sourceTree = "<group>"; };
/* End PBXFileReference section */

/* Begin PBXFrameworksBuildPhase section */
		9596E03E1DDB674C0070B7E5 /* Frameworks */ = {
			isa = PBXFrameworksBuildPhase;
			buildActionMask = 2147483647;
			files = (
			);
			runOnlyForDeploymentPostprocessing = 0;
		};
/* End PBXFrameworksBuildPhase section */

/* Begin PBXGroup section */
		9596E0381DDB674C0070B7E5 = {
			isa = PBXGroup;
			children = (
				9596E0431DDB674C0070B7E5 /* EveryDo */,
				9596E0421DDB674C0070B7E5 /* Products */,
			);
			sourceTree = "<group>";
		};
		9596E0421DDB674C0070B7E5 /* Products */ = {
			isa = PBXGroup;
			children = (
				9596E0411DDB674C0070B7E5 /* EveryDo.app */,
			);
			name = Products;
			sourceTree = "<group>";
		};
		9596E0431DDB674C0070B7E5 /* EveryDo */ = {
			isa = PBXGroup;
			children = (
				9596E0471DDB674C0070B7E5 /* AppDelegate.h */,
				9596E0481DDB674C0070B7E5 /* AppDelegate.m */,
				9596E04A1DDB674C0070B7E5 /* MasterViewController.h */,
				9596E04B1DDB674C0070B7E5 /* MasterViewController.m */,
				9596E04D1DDB674C0070B7E5 /* DetailViewController.h */,
				9596E04E1DDB674C0070B7E5 /* DetailViewController.m */,
				9596E0501DDB674C0070B7E5 /* Main.storyboard */,
				9596E0611DDB87820070B7E5 /* ToDoTableViewCell.h */,
				9596E0621DDB87820070B7E5 /* ToDoTableViewCell.m */,
				9596E0531DDB674C0070B7E5 /* Assets.xcassets */,
				9596E0551DDB674C0070B7E5 /* LaunchScreen.storyboard */,
				9596E0581DDB674C0070B7E5 /* Info.plist */,
				9596E0441DDB674C0070B7E5 /* Supporting Files */,
			);
			path = EveryDo;
			sourceTree = "<group>";
		};
		9596E0441DDB674C0070B7E5 /* Supporting Files */ = {
			isa = PBXGroup;
			children = (
				9596E0451DDB674C0070B7E5 /* main.m */,
			);
			name = "Supporting Files";
			sourceTree = "<group>";
		};
/* End PBXGroup section */

/* Begin PBXNativeTarget section */
		9596E0401DDB674C0070B7E5 /* EveryDo */ = {
			isa = PBXNativeTarget;
			buildConfigurationList = 9596E05B1DDB674C0070B7E5 /* Build configuration list for PBXNativeTarget "EveryDo" */;
			buildPhases = (
				9596E03D1DDB674C0070B7E5 /* Sources */,
				9596E03E1DDB674C0070B7E5 /* Frameworks */,
				9596E03F1DDB674C0070B7E5 /* Resources */,
			);
			buildRules = (
			);
			dependencies = (
			);
			name = EveryDo;
			productName = EveryDo;
			productReference = 9596E0411DDB674C0070B7E5 /* EveryDo.app */;
			productType = "com.apple.product-type.application";
		};
/* End PBXNativeTarget section */

/* Begin PBXProject section */
		9596E0391DDB674C0070B7E5 /* Project object */ = {
			isa = PBXProject;
			attributes = {
				LastUpgradeCheck = 0800;
				ORGANIZATIONNAME = "Matthew Mauro";
				TargetAttributes = {
					9596E0401DDB674C0070B7E5 = {
						CreatedOnToolsVersion = 8.0;
						DevelopmentTeam = G3KYTESUM8;
						ProvisioningStyle = Automatic;
					};
				};
			};
			buildConfigurationList = 9596E03C1DDB674C0070B7E5 /* Build configuration list for PBXProject "EveryDo" */;
			compatibilityVersion = "Xcode 3.2";
			developmentRegion = English;
			hasScannedForEncodings = 0;
			knownRegions = (
				en,
				Base,
			);
			mainGroup = 9596E0381DDB674C0070B7E5;
			productRefGroup = 9596E0421DDB674C0070B7E5 /* Products */;
			projectDirPath = "";
			projectRoot = "";
			targets = (
				9596E0401DDB674C0070B7E5 /* EveryDo */,
			);
		};
/* End PBXProject section */

/* Begin PBXResourcesBuildPhase section */
		9596E03F1DDB674C0070B7E5 /* Resources */ = {
			isa = PBXResourcesBuildPhase;
			buildActionMask = 2147483647;
			files = (
				9596E0571DDB674C0070B7E5 /* LaunchScreen.storyboard in Resources */,
				9596E0541DDB674C0070B7E5 /* Assets.xcassets in Resources */,
				9596E0521DDB674C0070B7E5 /* Main.storyboard in Resources */,
			);
			runOnlyForDeploymentPostprocessing = 0;
		};
/* End PBXResourcesBuildPhase section */

/* Begin PBXSourcesBuildPhase section */
		9596E03D1DDB674C0070B7E5 /* Sources */ = {
			isa = PBXSourcesBuildPhase;
			buildActionMask = 2147483647;
			files = (
				9596E0491DDB674C0070B7E5 /* AppDelegate.m in Sources */,
				9596E04C1DDB674C0070B7E5 /* MasterViewController.m in Sources */,
				9596E0631DDB87820070B7E5 /* ToDoTableViewCell.m in Sources */,
				9596E0461DDB674C0070B7E5 /* main.m in Sources */,
				9596E04F1DDB674C0070B7E5 /* DetailViewController.m in Sources */,
			);
			runOnlyForDeploymentPostprocessing = 0;
		};
/* End PBXSourcesBuildPhase section */

/* Begin PBXVariantGroup section */
		9596E0501DDB674C0070B7E5 /* Main.storyboard */ = {
			isa = PBXVariantGroup;
			children = (
				9596E0511DDB674C0070B7E5 /* Base */,
			);
			name = Main.storyboard;
			sourceTree = "<group>";
		};
		9596E0551DDB674C0070B7E5 /* LaunchScreen.storyboard */ = {
			isa = PBXVariantGroup;
			children = (
				9596E0561DDB674C0070B7E5 /* Base */,
			);
			name = LaunchScreen.storyboard;
			sourceTree = "<group>";
		};
/* End PBXVariantGroup section */

/* Begin XCBuildConfiguration section */
		9596E0591DDB674C0070B7E5 /* Debug */ = {
			isa = XCBuildConfiguration;
			buildSettings = {
				ALWAYS_SEARCH_USER_PATHS = NO;
				CLANG_ANALYZER_NONNULL = YES;
				CLANG_CXX_LANGUAGE_STANDARD = "gnu++0x";
				CLANG_CXX_LIBRARY = "libc++";
				CLANG_ENABLE_MODULES = YES;
				CLANG_ENABLE_OBJC_ARC = YES;
				CLANG_WARN_BOOL_CONVERSION = YES;
				CLANG_WARN_CONSTANT_CONVERSION = YES;
				CLANG_WARN_DIRECT_OBJC_ISA_USAGE = YES_ERROR;
				CLANG_WARN_DOCUMENTATION_COMMENTS = YES;
				CLANG_WARN_EMPTY_BODY = YES;
				CLANG_WARN_ENUM_CONVERSION = YES;
				CLANG_WARN_INFINITE_RECURSION = YES;
				CLANG_WARN_INT_CONVERSION = YES;
				CLANG_WARN_OBJC_ROOT_CLASS = YES_ERROR;
				CLANG_WARN_SUSPICIOUS_MOVES = YES;
				CLANG_WARN_UNREACHABLE_CODE = YES;
				CLANG_WARN__DUPLICATE_METHOD_MATCH = YES;
				"CODE_SIGN_IDENTITY[sdk=iphoneos*]" = "iPhone Developer";
				COPY_PHASE_STRIP = NO;
				DEBUG_INFORMATION_FORMAT = dwarf;
				ENABLE_STRICT_OBJC_MSGSEND = YES;
				ENABLE_TESTABILITY = YES;
				GCC_C_LANGUAGE_STANDARD = gnu99;
				GCC_DYNAMIC_NO_PIC = NO;
				GCC_NO_COMMON_BLOCKS = YES;
				GCC_OPTIMIZATION_LEVEL = 0;
				GCC_PREPROCESSOR_DEFINITIONS = (
					"DEBUG=1",
					"$(inherited)",
				);
				GCC_WARN_64_TO_32_BIT_CONVERSION = YES;
				GCC_WARN_ABOUT_RETURN_TYPE = YES_ERROR;
				GCC_WARN_UNDECLARED_SELECTOR = YES;
				GCC_WARN_UNINITIALIZED_AUTOS = YES_AGGRESSIVE;
				GCC_WARN_UNUSED_FUNCTION = YES;
				GCC_WARN_UNUSED_VARIABLE = YES;
				IPHONEOS_DEPLOYMENT_TARGET = 10.0;
				MTL_ENABLE_DEBUG_INFO = YES;
				ONLY_ACTIVE_ARCH = YES;
				SDKROOT = iphoneos;
			};
			name = Debug;
		};
		9596E05A1DDB674C0070B7E5 /* Release */ = {
			isa = XCBuildConfiguration;
			buildSettings = {
				ALWAYS_SEARCH_USER_PATHS = NO;
				CLANG_ANALYZER_NONNULL = YES;
				CLANG_CXX_LANGUAGE_STANDARD = "gnu++0x";
				CLANG_CXX_LIBRARY = "libc++";
				CLANG_ENABLE_MODULES = YES;
				CLANG_ENABLE_OBJC_ARC = YES;
				CLANG_WARN_BOOL_CONVERSION = YES;
				CLANG_WARN_CONSTANT_CONVERSION = YES;
				CLANG_WARN_DIRECT_OBJC_ISA_USAGE = YES_ERROR;
				CLANG_WARN_DOCUMENTATION_COMMENTS = YES;
				CLANG_WARN_EMPTY_BODY = YES;
				CLANG_WARN_ENUM_CONVERSION = YES;
				CLANG_WARN_INFINITE_RECURSION = YES;
				CLANG_WARN_INT_CONVERSION = YES;
				CLANG_WARN_OBJC_ROOT_CLASS = YES_ERROR;
				CLANG_WARN_SUSPICIOUS_MOVES = YES;
				CLANG_WARN_UNREACHABLE_CODE = YES;
				CLANG_WARN__DUPLICATE_METHOD_MATCH = YES;
				"CODE_SIGN_IDENTITY[sdk=iphoneos*]" = "iPhone Developer";
				COPY_PHASE_STRIP = NO;
				DEBUG_INFORMATION_FORMAT = "dwarf-with-dsym";
				ENABLE_NS_ASSERTIONS = NO;
				ENABLE_STRICT_OBJC_MSGSEND = YES;
				GCC_C_LANGUAGE_STANDARD = gnu99;
				GCC_NO_COMMON_BLOCKS = YES;
				GCC_WARN_64_TO_32_BIT_CONVERSION = YES;
				GCC_WARN_ABOUT_RETURN_TYPE = YES_ERROR;
				GCC_WARN_UNDECLARED_SELECTOR = YES;
				GCC_WARN_UNINITIALIZED_AUTOS = YES_AGGRESSIVE;
				GCC_WARN_UNUSED_FUNCTION = YES;
				GCC_WARN_UNUSED_VARIABLE = YES;
				IPHONEOS_DEPLOYMENT_TARGET = 10.0;
				MTL_ENABLE_DEBUG_INFO = NO;
				SDKROOT = iphoneos;
				VALIDATE_PRODUCT = YES;
			};
			name = Release;
		};
		9596E05C1DDB674C0070B7E5 /* Debug */ = {
			isa = XCBuildConfiguration;
			buildSettings = {
				ASSETCATALOG_COMPILER_APPICON_NAME = AppIcon;
				DEVELOPMENT_TEAM = G3KYTESUM8;
				INFOPLIST_FILE = EveryDo/Info.plist;
				LD_RUNPATH_SEARCH_PATHS = "$(inherited) @executable_path/Frameworks";
				PRODUCT_BUNDLE_IDENTIFIER = kurokakari.EveryDo;
				PRODUCT_NAME = "$(TARGET_NAME)";
			};
			name = Debug;
		};
		9596E05D1DDB674C0070B7E5 /* Release */ = {
			isa = XCBuildConfiguration;
			buildSettings = {
				ASSETCATALOG_COMPILER_APPICON_NAME = AppIcon;
				DEVELOPMENT_TEAM = G3KYTESUM8;
				INFOPLIST_FILE = EveryDo/Info.plist;
				LD_RUNPATH_SEARCH_PATHS = "$(inherited) @executable_path/Frameworks";
				PRODUCT_BUNDLE_IDENTIFIER = kurokakari.EveryDo;
				PRODUCT_NAME = "$(TARGET_NAME)";
			};
			name = Release;
		};
/* End XCBuildConfiguration section */

/* Begin XCConfigurationList section */
		9596E03C1DDB674C0070B7E5 /* Build configuration list for PBXProject "EveryDo" */ = {
			isa = XCConfigurationList;
			buildConfigurations = (
				9596E0591DDB674C0070B7E5 /* Debug */,
				9596E05A1DDB674C0070B7E5 /* Release */,
			);
			defaultConfigurationIsVisible = 0;
			defaultConfigurationName = Release;
		};
		9596E05B1DDB674C0070B7E5 /* Build configuration list for PBXNativeTarget "EveryDo" */ = {
			isa = XCConfigurationList;
			buildConfigurations = (
				9596E05C1DDB674C0070B7E5 /* Debug */,
				9596E05D1DDB674C0070B7E5 /* Release */,
			);
			defaultConfigurationIsVisible = 0;
			defaultConfigurationName = Release;
		};
/* End XCConfigurationList section */
	};
	rootObject = 9596E0391DDB674C0070B7E5 /* Project object */;
}
